
Microsoft Visual Studio Solution File, Format Version 12.00
# Visual Studio Version 16
VisualStudioVersion = 16.0.31005.135
MinimumVisualStudioVersion = 10.0.40219.1
Project("{9A19103F-16F7-4668-BE54-9A1E7A4F7556}") = "Calculator", "Calculator\Calculator.csproj", "{75F3787A-53C0-4BE2-A74F-335F0C712B7B}"
EndProject
Project("{2150E333-8FDC-42A3-9474-1A3956D46DE8}") = "Core", "Core", "{BD4CEAC9-8B95-4C77-84E0-F5D7C3234F9F}"
EndProject
Project("{2150E333-8FDC-42A3-9474-1A3956D46DE8}") = "IO", "IO", "{D3351480-9C46-486F-B281-FE0795AA5305}"
EndProject
Project("{9A19103F-16F7-4668-BE54-9A1E7A4F7556}") = "Calculator.Input", "IO\Calculator.Input\Calculator.Input.csproj", "{8E70576A-3D77-4859-A0F1-1DC1025C78AE}"
EndProject
Project("{9A19103F-16F7-4668-BE54-9A1E7A4F7556}") = "Calculator.Output", "IO\Calculator.Output\Calculator.Output.csproj", "{F66217F4-F692-4AFF-9987-709D7A885B60}"
EndProject
Project("{9A19103F-16F7-4668-BE54-9A1E7A4F7556}") = "Calculator.Arithmetic", "Core\Calculator.Arithmetic\Calculator.Arithmetic.csproj", "{A8DA9332-4033-4A09-AE9E-63DBFD31FC7A}"
EndProject
Project("{2150E333-8FDC-42A3-9474-1A3956D46DE8}") = "Tests", "Tests", "{DFDEAD8A-0C53-4FCA-B775-CA1969171252}"
EndProject
Project("{FAE04EC0-301F-11D3-BF4B-00C04F79EFBC}") = "Calculator.Arithmetic.Tests", "Tests\Calculator.Arithmetic.Tests\Calculator.Arithmetic.Tests.csproj", "{EE45CBDF-7B3D-4E25-9274-693FDE39AC44}"
EndProject
Global
	GlobalSection(SolutionConfigurationPlatforms) = preSolution
		Debug|Any CPU = Debug|Any CPU
		Release|Any CPU = Release|Any CPU
	EndGlobalSection
	GlobalSection(ProjectConfigurationPlatforms) = postSolution
		{75F3787A-53C0-4BE2-A74F-335F0C712B7B}.Debug|Any CPU.ActiveCfg = Debug|Any CPU
		{75F3787A-53C0-4BE2-A74F-335F0C712B7B}.Debug|Any CPU.Build.0 = Debug|Any CPU
		{75F3787A-53C0-4BE2-A74F-335F0C712B7B}.Release|Any CPU.ActiveCfg = Release|Any CPU
		{75F3787A-53C0-4BE2-A74F-335F0C712B7B}.Release|Any CPU.Build.0 = Release|Any CPU
		{8E70576A-3D77-4859-A0F1-1DC1025C78AE}.Debug|Any CPU.ActiveCfg = Debug|Any CPU
		{8E70576A-3D77-4859-A0F1-1DC1025C78AE}.Debug|Any CPU.Build.0 = Debug|Any CPU
		{8E70576A-3D77-4859-A0F1-1DC1025C78AE}.Release|Any CPU.ActiveCfg = Release|Any CPU
		{8E70576A-3D77-4859-A0F1-1DC1025C78AE}.Release|Any CPU.Build.0 = Release|Any CPU
		{F66217F4-F692-4AFF-9987-709D7A885B60}.Debug|Any CPU.ActiveCfg = Debug|Any CPU
		{F66217F4-F692-4AFF-9987-709D7A885B60}.Debug|Any CPU.Build.0 = Debug|Any CPU
		{F66217F4-F692-4AFF-9987-709D7A885B60}.Release|Any CPU.ActiveCfg = Release|Any CPU
		{F66217F4-F692-4AFF-9987-709D7A885B60}.Release|Any CPU.Build.0 = Release|Any CPU
		{A8DA9332-4033-4A09-AE9E-63DBFD31FC7A}.Debug|Any CPU.ActiveCfg = Debug|Any CPU
		{A8DA9332-4033-4A09-AE9E-63DBFD31FC7A}.Debug|Any CPU.Build.0 = Debug|Any CPU
		{A8DA9332-4033-4A09-AE9E-63DBFD31FC7A}.Release|Any CPU.ActiveCfg = Release|Any CPU
		{A8DA9332-4033-4A09-AE9E-63DBFD31FC7A}.Release|Any CPU.Build.0 = Release|Any CPU
		{EE45CBDF-7B3D-4E25-9274-693FDE39AC44}.Debug|Any CPU.ActiveCfg = Debug|Any CPU
		{EE45CBDF-7B3D-4E25-9274-693FDE39AC44}.Debug|Any CPU.Build.0 = Debug|Any CPU
		{EE45CBDF-7B3D-4E25-9274-693FDE39AC44}.Release|Any CPU.ActiveCfg = Release|Any CPU
		{EE45CBDF-7B3D-4E25-9274-693FDE39AC44}.Release|Any CPU.Build.0 = Release|Any CPU
	EndGlobalSection
	GlobalSection(SolutionProperties) = preSolution
		HideSolutionNode = FALSE
	EndGlobalSection
	GlobalSection(NestedProjects) = preSolution
		{8E70576A-3D77-4859-A0F1-1DC1025C78AE} = {D3351480-9C46-486F-B281-FE0795AA5305}
		{F66217F4-F692-4AFF-9987-709D7A885B60} = {D3351480-9C46-486F-B281-FE0795AA5305}
		{A8DA9332-4033-4A09-AE9E-63DBFD31FC7A} = {BD4CEAC9-8B95-4C77-84E0-F5D7C3234F9F}
		{EE45CBDF-7B3D-4E25-9274-693FDE39AC44} = {DFDEAD8A-0C53-4FCA-B775-CA1969171252}
	EndGlobalSection
	GlobalSection(ExtensibilityGlobals) = postSolution
		SolutionGuid = {B40EDE77-ABBC-4D71-8B71-D769BF10DD3B}
	EndGlobalSection
EndGlobal
